
Microsoft Visual Studio Solution File, Format Version 12.00
# Visual Studio Version 17
VisualStudioVersion = 17.0.31903.59
MinimumVisualStudioVersion = 10.0.40219.1
Project("{FAE04EC0-301F-11D3-BF4B-00C04F79EFBC}") = "medical appoinntment application", "medical appoinntment application\medical appoinntment application.csproj", "{5AD597DF-8E8B-459D-A65B-B860651E8D0A}"
EndProject
Project("{FAE04EC0-301F-11D3-BF4B-00C04F79EFBC}") = "Patients", "Patients\Patients.csproj", "{62CA9E71-1431-4A8E-8357-8B329091BBF7}"
EndProject
Project("{FAE04EC0-301F-11D3-BF4B-00C04F79EFBC}") = "Employees", "Employees\Employees.csproj", "{5CB4A8C4-0D31-4750-A7F1-924C6870CD44}"
EndProject
Global
	GlobalSection(SolutionConfigurationPlatforms) = preSolution
		Debug|Any CPU = Debug|Any CPU
		Release|Any CPU = Release|Any CPU
	EndGlobalSection
	GlobalSection(ProjectConfigurationPlatforms) = postSolution
		{5AD597DF-8E8B-459D-A65B-B860651E8D0A}.Debug|Any CPU.ActiveCfg = Debug|Any CPU
		{5AD597DF-8E8B-459D-A65B-B860651E8D0A}.Debug|Any CPU.Build.0 = Debug|Any CPU
		{5AD597DF-8E8B-459D-A65B-B860651E8D0A}.Release|Any CPU.ActiveCfg = Release|Any CPU
		{5AD597DF-8E8B-459D-A65B-B860651E8D0A}.Release|Any CPU.Build.0 = Release|Any CPU
		{62CA9E71-1431-4A8E-8357-8B329091BBF7}.Debug|Any CPU.ActiveCfg = Debug|Any CPU
		{62CA9E71-1431-4A8E-8357-8B329091BBF7}.Debug|Any CPU.Build.0 = Debug|Any CPU
		{62CA9E71-1431-4A8E-8357-8B329091BBF7}.Release|Any CPU.ActiveCfg = Release|Any CPU
		{62CA9E71-1431-4A8E-8357-8B329091BBF7}.Release|Any CPU.Build.0 = Release|Any CPU
		{5CB4A8C4-0D31-4750-A7F1-924C6870CD44}.Debug|Any CPU.ActiveCfg = Debug|Any CPU
		{5CB4A8C4-0D31-4750-A7F1-924C6870CD44}.Debug|Any CPU.Build.0 = Debug|Any CPU
		{5CB4A8C4-0D31-4750-A7F1-924C6870CD44}.Release|Any CPU.ActiveCfg = Release|Any CPU
		{5CB4A8C4-0D31-4750-A7F1-924C6870CD44}.Release|Any CPU.Build.0 = Release|Any CPU
	EndGlobalSection
	GlobalSection(SolutionProperties) = preSolution
		HideSolutionNode = FALSE
	EndGlobalSection
	GlobalSection(ExtensibilityGlobals) = postSolution
		SolutionGuid = {F02F2241-EF7F-4AF9-AE23-C585E6D45C8F}
	EndGlobalSection
EndGlobal
